
Microsoft Visual Studio Solution File, Format Version 12.00
# Visual Studio Version 17
VisualStudioVersion = 17.2.32630.192
MinimumVisualStudioVersion = 10.0.40219.1
Project("{9A19103F-16F7-4668-BE54-9A1E7A4F7556}") = "CloudKitSharp.Core", "CloudKitSharp.Core\CloudKitSharp.Core.csproj", "{182EE4E2-F82B-4949-B975-E821E811E209}"
EndProject
Project("{9A19103F-16F7-4668-BE54-9A1E7A4F7556}") = "CloudKitSharp.SampleWPF", "CloudKitSharp.SampleWPF\CloudKitSharp.SampleWPF.csproj", "{55E2AB44-1460-4769-9F99-06C410499392}"
EndProject
Project("{FAE04EC0-301F-11D3-BF4B-00C04F79EFBC}") = "CloudKitSharp.Core.Tests", "CloudKitSharp.Core.Tests\CloudKitSharp.Core.Tests.csproj", "{5DC29356-EA98-400D-9A45-16F7D207B180}"
EndProject
Global
	GlobalSection(SolutionConfigurationPlatforms) = preSolution
		Debug|Any CPU = Debug|Any CPU
		Release|Any CPU = Release|Any CPU
	EndGlobalSection
	GlobalSection(ProjectConfigurationPlatforms) = postSolution
		{182EE4E2-F82B-4949-B975-E821E811E209}.Debug|Any CPU.ActiveCfg = Debug|Any CPU
		{182EE4E2-F82B-4949-B975-E821E811E209}.Debug|Any CPU.Build.0 = Debug|Any CPU
		{182EE4E2-F82B-4949-B975-E821E811E209}.Release|Any CPU.ActiveCfg = Release|Any CPU
		{182EE4E2-F82B-4949-B975-E821E811E209}.Release|Any CPU.Build.0 = Release|Any CPU
		{55E2AB44-1460-4769-9F99-06C410499392}.Debug|Any CPU.ActiveCfg = Debug|Any CPU
		{55E2AB44-1460-4769-9F99-06C410499392}.Debug|Any CPU.Build.0 = Debug|Any CPU
		{55E2AB44-1460-4769-9F99-06C410499392}.Release|Any CPU.ActiveCfg = Release|Any CPU
		{55E2AB44-1460-4769-9F99-06C410499392}.Release|Any CPU.Build.0 = Release|Any CPU
		{5DC29356-EA98-400D-9A45-16F7D207B180}.Debug|Any CPU.ActiveCfg = Debug|Any CPU
		{5DC29356-EA98-400D-9A45-16F7D207B180}.Debug|Any CPU.Build.0 = Debug|Any CPU
		{5DC29356-EA98-400D-9A45-16F7D207B180}.Release|Any CPU.ActiveCfg = Release|Any CPU
		{5DC29356-EA98-400D-9A45-16F7D207B180}.Release|Any CPU.Build.0 = Release|Any CPU
	EndGlobalSection
	GlobalSection(SolutionProperties) = preSolution
		HideSolutionNode = FALSE
	EndGlobalSection
	GlobalSection(ExtensibilityGlobals) = postSolution
		SolutionGuid = {4C6FFDCF-1FBA-4A74-BA11-B6B962530810}
	EndGlobalSection
EndGlobal
